// !$*UTF8*$!
{
	archiveVersion = 1;
	classes = {
	};
	objectVersion = 56;
	objects = {

/* Begin PBXBuildFile section */
		22B4F0CA2B5C2870006ABF52 /* MVVM_TodoListApp.swift in Sources */ = {isa = PBXBuildFile; fileRef = 22B4F0C92B5C2870006ABF52 /* MVVM_TodoListApp.swift */; };
		22B4F0CE2B5C2870006ABF52 /* Assets.xcassets in Resources */ = {isa = PBXBuildFile; fileRef = 22B4F0CD2B5C2870006ABF52 /* Assets.xcassets */; };
		22B4F0D12B5C2870006ABF52 /* Preview Assets.xcassets in Resources */ = {isa = PBXBuildFile; fileRef = 22B4F0D02B5C2870006ABF52 /* Preview Assets.xcassets */; };
		22B4F0DB2B5C2935006ABF52 /* ListView.swift in Sources */ = {isa = PBXBuildFile; fileRef = 22B4F0DA2B5C2935006ABF52 /* ListView.swift */; };
		22B4F0DD2B5C2AB5006ABF52 /* ListRowView.swift in Sources */ = {isa = PBXBuildFile; fileRef = 22B4F0DC2B5C2AB5006ABF52 /* ListRowView.swift */; };
		22B4F0DF2B5C2D67006ABF52 /* AddView.swift in Sources */ = {isa = PBXBuildFile; fileRef = 22B4F0DE2B5C2D67006ABF52 /* AddView.swift */; };
		22B4F0E62B5C3232006ABF52 /* ItemModel.swift in Sources */ = {isa = PBXBuildFile; fileRef = 22B4F0E52B5C3232006ABF52 /* ItemModel.swift */; };
		22B4F0EB2B5D66D3006ABF52 /* ListViewModel.swift in Sources */ = {isa = PBXBuildFile; fileRef = 22B4F0EA2B5D66D3006ABF52 /* ListViewModel.swift */; };
		22B4F0EF2B5D82F5006ABF52 /* NoItemsView.swift in Sources */ = {isa = PBXBuildFile; fileRef = 22B4F0EE2B5D82F5006ABF52 /* NoItemsView.swift */; };
/* End PBXBuildFile section */

/* Begin PBXFileReference section */
		22B4F0C62B5C2870006ABF52 /* MVVM-TodoList.app */ = {isa = PBXFileReference; explicitFileType = wrapper.application; includeInIndex = 0; path = "MVVM-TodoList.app"; sourceTree = BUILT_PRODUCTS_DIR; };
		22B4F0C92B5C2870006ABF52 /* MVVM_TodoListApp.swift */ = {isa = PBXFileReference; lastKnownFileType = sourcecode.swift; path = MVVM_TodoListApp.swift; sourceTree = "<group>"; };
		22B4F0CD2B5C2870006ABF52 /* Assets.xcassets */ = {isa = PBXFileReference; lastKnownFileType = folder.assetcatalog; path = Assets.xcassets; sourceTree = "<group>"; };
		22B4F0D02B5C2870006ABF52 /* Preview Assets.xcassets */ = {isa = PBXFileReference; lastKnownFileType = folder.assetcatalog; path = "Preview Assets.xcassets"; sourceTree = "<group>"; };
		22B4F0DA2B5C2935006ABF52 /* ListView.swift */ = {isa = PBXFileReference; lastKnownFileType = sourcecode.swift; path = ListView.swift; sourceTree = "<group>"; };
		22B4F0DC2B5C2AB5006ABF52 /* ListRowView.swift */ = {isa = PBXFileReference; lastKnownFileType = sourcecode.swift; path = ListRowView.swift; sourceTree = "<group>"; };
		22B4F0DE2B5C2D67006ABF52 /* AddView.swift */ = {isa = PBXFileReference; lastKnownFileType = sourcecode.swift; path = AddView.swift; sourceTree = "<group>"; };
		22B4F0E52B5C3232006ABF52 /* ItemModel.swift */ = {isa = PBXFileReference; lastKnownFileType = sourcecode.swift; path = ItemModel.swift; sourceTree = "<group>"; };
		22B4F0EA2B5D66D3006ABF52 /* ListViewModel.swift */ = {isa = PBXFileReference; lastKnownFileType = sourcecode.swift; path = ListViewModel.swift; sourceTree = "<group>"; };
		22B4F0EE2B5D82F5006ABF52 /* NoItemsView.swift */ = {isa = PBXFileReference; lastKnownFileType = sourcecode.swift; path = NoItemsView.swift; sourceTree = "<group>"; };
/* End PBXFileReference section */

/* Begin PBXFrameworksBuildPhase section */
		22B4F0C32B5C2870006ABF52 /* Frameworks */ = {
			isa = PBXFrameworksBuildPhase;
			buildActionMask = 2147483647;
			files = (
			);
			runOnlyForDeploymentPostprocessing = 0;
		};
/* End PBXFrameworksBuildPhase section */

/* Begin PBXGroup section */
		22B4F0BD2B5C2870006ABF52 = {
			isa = PBXGroup;
			children = (
				22B4F0C82B5C2870006ABF52 /* MVVM-TodoList */,
				22B4F0C72B5C2870006ABF52 /* Products */,
			);
			sourceTree = "<group>";
		};
		22B4F0C72B5C2870006ABF52 /* Products */ = {
			isa = PBXGroup;
			children = (
				22B4F0C62B5C2870006ABF52 /* MVVM-TodoList.app */,
			);
			name = Products;
			sourceTree = "<group>";
		};
		22B4F0C82B5C2870006ABF52 /* MVVM-TodoList */ = {
			isa = PBXGroup;
			children = (
				22B4F0E92B5D66C1006ABF52 /* ViewModels */,
				22B4F0E22B5C31F5006ABF52 /* Models */,
				22B4F0D72B5C28EE006ABF52 /* Views */,
				22B4F0C92B5C2870006ABF52 /* MVVM_TodoListApp.swift */,
				22B4F0CD2B5C2870006ABF52 /* Assets.xcassets */,
				22B4F0CF2B5C2870006ABF52 /* Preview Content */,
			);
			path = "MVVM-TodoList";
			sourceTree = "<group>";
		};
		22B4F0CF2B5C2870006ABF52 /* Preview Content */ = {
			isa = PBXGroup;
			children = (
				22B4F0D02B5C2870006ABF52 /* Preview Assets.xcassets */,
			);
			path = "Preview Content";
			sourceTree = "<group>";
		};
		22B4F0D72B5C28EE006ABF52 /* Views */ = {
			isa = PBXGroup;
			children = (
				22B4F0DA2B5C2935006ABF52 /* ListView.swift */,
				22B4F0DE2B5C2D67006ABF52 /* AddView.swift */,
				22B4F0DC2B5C2AB5006ABF52 /* ListRowView.swift */,
				22B4F0EE2B5D82F5006ABF52 /* NoItemsView.swift */,
			);
			path = Views;
			sourceTree = "<group>";
		};
		22B4F0E22B5C31F5006ABF52 /* Models */ = {
			isa = PBXGroup;
			children = (
				22B4F0E52B5C3232006ABF52 /* ItemModel.swift */,
			);
			path = Models;
			sourceTree = "<group>";
		};
		22B4F0E92B5D66C1006ABF52 /* ViewModels */ = {
			isa = PBXGroup;
			children = (
				22B4F0EA2B5D66D3006ABF52 /* ListViewModel.swift */,
			);
			path = ViewModels;
			sourceTree = "<group>";
		};
/* End PBXGroup section */

/* Begin PBXNativeTarget section */
		22B4F0C52B5C2870006ABF52 /* MVVM-TodoList */ = {
			isa = PBXNativeTarget;
			buildConfigurationList = 22B4F0D42B5C2870006ABF52 /* Build configuration list for PBXNativeTarget "MVVM-TodoList" */;
			buildPhases = (
				22B4F0C22B5C2870006ABF52 /* Sources */,
				22B4F0C32B5C2870006ABF52 /* Frameworks */,
				22B4F0C42B5C2870006ABF52 /* Resources */,
			);
			buildRules = (
			);
			dependencies = (
			);
			name = "MVVM-TodoList";
			productName = "MVVM-TodoList";
			productReference = 22B4F0C62B5C2870006ABF52 /* MVVM-TodoList.app */;
			productType = "com.apple.product-type.application";
		};
/* End PBXNativeTarget section */

/* Begin PBXProject section */
		22B4F0BE2B5C2870006ABF52 /* Project object */ = {
			isa = PBXProject;
			attributes = {
				BuildIndependentTargetsInParallel = 1;
				LastSwiftUpdateCheck = 1500;
				LastUpgradeCheck = 1500;
				TargetAttributes = {
					22B4F0C52B5C2870006ABF52 = {
						CreatedOnToolsVersion = 15.0.1;
					};
				};
			};
			buildConfigurationList = 22B4F0C12B5C2870006ABF52 /* Build configuration list for PBXProject "MVVM-TodoList" */;
			compatibilityVersion = "Xcode 14.0";
			developmentRegion = en;
			hasScannedForEncodings = 0;
			knownRegions = (
				en,
				Base,
			);
			mainGroup = 22B4F0BD2B5C2870006ABF52;
			productRefGroup = 22B4F0C72B5C2870006ABF52 /* Products */;
			projectDirPath = "";
			projectRoot = "";
			targets = (
				22B4F0C52B5C2870006ABF52 /* MVVM-TodoList */,
			);
		};
/* End PBXProject section */

/* Begin PBXResourcesBuildPhase section */
		22B4F0C42B5C2870006ABF52 /* Resources */ = {
			isa = PBXResourcesBuildPhase;
			buildActionMask = 2147483647;
			files = (
				22B4F0D12B5C2870006ABF52 /* Preview Assets.xcassets in Resources */,
				22B4F0CE2B5C2870006ABF52 /* Assets.xcassets in Resources */,
			);
			runOnlyForDeploymentPostprocessing = 0;
		};
/* End PBXResourcesBuildPhase section */

/* Begin PBXSourcesBuildPhase section */
		22B4F0C22B5C2870006ABF52 /* Sources */ = {
			isa = PBXSourcesBuildPhase;
			buildActionMask = 2147483647;
			files = (
				22B4F0E62B5C3232006ABF52 /* ItemModel.swift in Sources */,
				22B4F0DF2B5C2D67006ABF52 /* AddView.swift in Sources */,
				22B4F0EB2B5D66D3006ABF52 /* ListViewModel.swift in Sources */,
				22B4F0CA2B5C2870006ABF52 /* MVVM_TodoListApp.swift in Sources */,
				22B4F0DB2B5C2935006ABF52 /* ListView.swift in Sources */,
				22B4F0EF2B5D82F5006ABF52 /* NoItemsView.swift in Sources */,
				22B4F0DD2B5C2AB5006ABF52 /* ListRowView.swift in Sources */,
			);
			runOnlyForDeploymentPostprocessing = 0;
		};
/* End PBXSourcesBuildPhase section */

/* Begin XCBuildConfiguration section */
		22B4F0D22B5C2870006ABF52 /* Debug */ = {
			isa = XCBuildConfiguration;
			buildSettings = {
				ALWAYS_SEARCH_USER_PATHS = NO;
				ASSETCATALOG_COMPILER_GENERATE_SWIFT_ASSET_SYMBOL_EXTENSIONS = YES;
				CLANG_ANALYZER_NONNULL = YES;
				CLANG_ANALYZER_NUMBER_OBJECT_CONVERSION = YES_AGGRESSIVE;
				CLANG_CXX_LANGUAGE_STANDARD = "gnu++20";
				CLANG_ENABLE_MODULES = YES;
				CLANG_ENABLE_OBJC_ARC = YES;
				CLANG_ENABLE_OBJC_WEAK = YES;
				CLANG_WARN_BLOCK_CAPTURE_AUTORELEASING = YES;
				CLANG_WARN_BOOL_CONVERSION = YES;
				CLANG_WARN_COMMA = YES;
				CLANG_WARN_CONSTANT_CONVERSION = YES;
				CLANG_WARN_DEPRECATED_OBJC_IMPLEMENTATIONS = YES;
				CLANG_WARN_DIRECT_OBJC_ISA_USAGE = YES_ERROR;
				CLANG_WARN_DOCUMENTATION_COMMENTS = YES;
				CLANG_WARN_EMPTY_BODY = YES;
				CLANG_WARN_ENUM_CONVERSION = YES;
				CLANG_WARN_INFINITE_RECURSION = YES;
				CLANG_WARN_INT_CONVERSION = YES;
				CLANG_WARN_NON_LITERAL_NULL_CONVERSION = YES;
				CLANG_WARN_OBJC_IMPLICIT_RETAIN_SELF = YES;
				CLANG_WARN_OBJC_LITERAL_CONVERSION = YES;
				CLANG_WARN_OBJC_ROOT_CLASS = YES_ERROR;
				CLANG_WARN_QUOTED_INCLUDE_IN_FRAMEWORK_HEADER = YES;
				CLANG_WARN_RANGE_LOOP_ANALYSIS = YES;
				CLANG_WARN_STRICT_PROTOTYPES = YES;
				CLANG_WARN_SUSPICIOUS_MOVE = YES;
				CLANG_WARN_UNGUARDED_AVAILABILITY = YES_AGGRESSIVE;
				CLANG_WARN_UNREACHABLE_CODE = YES;
				CLANG_WARN__DUPLICATE_METHOD_MATCH = YES;
				COPY_PHASE_STRIP = NO;
				DEBUG_INFORMATION_FORMAT = dwarf;
				ENABLE_STRICT_OBJC_MSGSEND = YES;
				ENABLE_TESTABILITY = YES;
				ENABLE_USER_SCRIPT_SANDBOXING = YES;
				GCC_C_LANGUAGE_STANDARD = gnu17;
				GCC_DYNAMIC_NO_PIC = NO;
				GCC_NO_COMMON_BLOCKS = YES;
				GCC_OPTIMIZATION_LEVEL = 0;
				GCC_PREPROCESSOR_DEFINITIONS = (
					"DEBUG=1",
					"$(inherited)",
				);
				GCC_WARN_64_TO_32_BIT_CONVERSION = YES;
				GCC_WARN_ABOUT_RETURN_TYPE = YES_ERROR;
				GCC_WARN_UNDECLARED_SELECTOR = YES;
				GCC_WARN_UNINITIALIZED_AUTOS = YES_AGGRESSIVE;
				GCC_WARN_UNUSED_FUNCTION = YES;
				GCC_WARN_UNUSED_VARIABLE = YES;
				IPHONEOS_DEPLOYMENT_TARGET = 17.0;
				LOCALIZATION_PREFERS_STRING_CATALOGS = YES;
				MTL_ENABLE_DEBUG_INFO = INCLUDE_SOURCE;
				MTL_FAST_MATH = YES;
				ONLY_ACTIVE_ARCH = YES;
				SDKROOT = iphoneos;
				SWIFT_ACTIVE_COMPILATION_CONDITIONS = "DEBUG $(inherited)";
				SWIFT_OPTIMIZATION_LEVEL = "-Onone";
			};
			name = Debug;
		};
		22B4F0D32B5C2870006ABF52 /* Release */ = {
			isa = XCBuildConfiguration;
			buildSettings = {
				ALWAYS_SEARCH_USER_PATHS = NO;
				ASSETCATALOG_COMPILER_GENERATE_SWIFT_ASSET_SYMBOL_EXTENSIONS = YES;
				CLANG_ANALYZER_NONNULL = YES;
				CLANG_ANALYZER_NUMBER_OBJECT_CONVERSION = YES_AGGRESSIVE;
				CLANG_CXX_LANGUAGE_STANDARD = "gnu++20";
				CLANG_ENABLE_MODULES = YES;
				CLANG_ENABLE_OBJC_ARC = YES;
				CLANG_ENABLE_OBJC_WEAK = YES;
				CLANG_WARN_BLOCK_CAPTURE_AUTORELEASING = YES;
				CLANG_WARN_BOOL_CONVERSION = YES;
				CLANG_WARN_COMMA = YES;
				CLANG_WARN_CONSTANT_CONVERSION = YES;
				CLANG_WARN_DEPRECATED_OBJC_IMPLEMENTATIONS = YES;
				CLANG_WARN_DIRECT_OBJC_ISA_USAGE = YES_ERROR;
				CLANG_WARN_DOCUMENTATION_COMMENTS = YES;
				CLANG_WARN_EMPTY_BODY = YES;
				CLANG_WARN_ENUM_CONVERSION = YES;
				CLANG_WARN_INFINITE_RECURSION = YES;
				CLANG_WARN_INT_CONVERSION = YES;
				CLANG_WARN_NON_LITERAL_NULL_CONVERSION = YES;
				CLANG_WARN_OBJC_IMPLICIT_RETAIN_SELF = YES;
				CLANG_WARN_OBJC_LITERAL_CONVERSION = YES;
				CLANG_WARN_OBJC_ROOT_CLASS = YES_ERROR;
				CLANG_WARN_QUOTED_INCLUDE_IN_FRAMEWORK_HEADER = YES;
				CLANG_WARN_RANGE_LOOP_ANALYSIS = YES;
				CLANG_WARN_STRICT_PROTOTYPES = YES;
				CLANG_WARN_SUSPICIOUS_MOVE = YES;
				CLANG_WARN_UNGUARDED_AVAILABILITY = YES_AGGRESSIVE;
				CLANG_WARN_UNREACHABLE_CODE = YES;
				CLANG_WARN__DUPLICATE_METHOD_MATCH = YES;
				COPY_PHASE_STRIP = NO;
				DEBUG_INFORMATION_FORMAT = "dwarf-with-dsym";
				ENABLE_NS_ASSERTIONS = NO;
				ENABLE_STRICT_OBJC_MSGSEND = YES;
				ENABLE_USER_SCRIPT_SANDBOXING = YES;
				GCC_C_LANGUAGE_STANDARD = gnu17;
				GCC_NO_COMMON_BLOCKS = YES;
				GCC_WARN_64_TO_32_BIT_CONVERSION = YES;
				GCC_WARN_ABOUT_RETURN_TYPE = YES_ERROR;
				GCC_WARN_UNDECLARED_SELECTOR = YES;
				GCC_WARN_UNINITIALIZED_AUTOS = YES_AGGRESSIVE;
				GCC_WARN_UNUSED_FUNCTION = YES;
				GCC_WARN_UNUSED_VARIABLE = YES;
				IPHONEOS_DEPLOYMENT_TARGET = 17.0;
				LOCALIZATION_PREFERS_STRING_CATALOGS = YES;
				MTL_ENABLE_DEBUG_INFO = NO;
				MTL_FAST_MATH = YES;
				SDKROOT = iphoneos;
				SWIFT_COMPILATION_MODE = wholemodule;
				VALIDATE_PRODUCT = YES;
			};
			name = Release;
		};
		22B4F0D52B5C2870006ABF52 /* Debug */ = {
			isa = XCBuildConfiguration;
			buildSettings = {
				ASSETCATALOG_COMPILER_APPICON_NAME = AppIcon;
				ASSETCATALOG_COMPILER_GLOBAL_ACCENT_COLOR_NAME = AccentColor;
				CODE_SIGN_STYLE = Automatic;
				CURRENT_PROJECT_VERSION = 1;
				DEVELOPMENT_ASSET_PATHS = "\"MVVM-TodoList/Preview Content\"";
				DEVELOPMENT_TEAM = AFXX47U8YN;
				ENABLE_PREVIEWS = YES;
				GENERATE_INFOPLIST_FILE = YES;
				INFOPLIST_KEY_UIApplicationSceneManifest_Generation = YES;
				INFOPLIST_KEY_UIApplicationSupportsIndirectInputEvents = YES;
				INFOPLIST_KEY_UILaunchScreen_Generation = YES;
				INFOPLIST_KEY_UISupportedInterfaceOrientations_iPad = "UIInterfaceOrientationPortrait UIInterfaceOrientationPortraitUpsideDown UIInterfaceOrientationLandscapeLeft UIInterfaceOrientationLandscapeRight";
				INFOPLIST_KEY_UISupportedInterfaceOrientations_iPhone = "UIInterfaceOrientationPortrait UIInterfaceOrientationLandscapeLeft UIInterfaceOrientationLandscapeRight";
				LD_RUNPATH_SEARCH_PATHS = (
					"$(inherited)",
					"@executable_path/Frameworks",
				);
				MARKETING_VERSION = 1.0;
				PRODUCT_BUNDLE_IDENTIFIER = "com.nilekell.MVVM-TodoList";
				PRODUCT_NAME = "$(TARGET_NAME)";
				SWIFT_EMIT_LOC_STRINGS = YES;
				SWIFT_VERSION = 5.0;
				TARGETED_DEVICE_FAMILY = "1,2";
			};
			name = Debug;
		};
		22B4F0D62B5C2870006ABF52 /* Release */ = {
			isa = XCBuildConfiguration;
			buildSettings = {
				ASSETCATALOG_COMPILER_APPICON_NAME = AppIcon;
				ASSETCATALOG_COMPILER_GLOBAL_ACCENT_COLOR_NAME = AccentColor;
				CODE_SIGN_STYLE = Automatic;
				CURRENT_PROJECT_VERSION = 1;
				DEVELOPMENT_ASSET_PATHS = "\"MVVM-TodoList/Preview Content\"";
				DEVELOPMENT_TEAM = AFXX47U8YN;
				ENABLE_PREVIEWS = YES;
				GENERATE_INFOPLIST_FILE = YES;
				INFOPLIST_KEY_UIApplicationSceneManifest_Generation = YES;
				INFOPLIST_KEY_UIApplicationSupportsIndirectInputEvents = YES;
				INFOPLIST_KEY_UILaunchScreen_Generation = YES;
				INFOPLIST_KEY_UISupportedInterfaceOrientations_iPad = "UIInterfaceOrientationPortrait UIInterfaceOrientationPortraitUpsideDown UIInterfaceOrientationLandscapeLeft UIInterfaceOrientationLandscapeRight";
				INFOPLIST_KEY_UISupportedInterfaceOrientations_iPhone = "UIInterfaceOrientationPortrait UIInterfaceOrientationLandscapeLeft UIInterfaceOrientationLandscapeRight";
				LD_RUNPATH_SEARCH_PATHS = (
					"$(inherited)",
					"@executable_path/Frameworks",
				);
				MARKETING_VERSION = 1.0;
				PRODUCT_BUNDLE_IDENTIFIER = "com.nilekell.MVVM-TodoList";
				PRODUCT_NAME = "$(TARGET_NAME)";
				SWIFT_EMIT_LOC_STRINGS = YES;
				SWIFT_VERSION = 5.0;
				TARGETED_DEVICE_FAMILY = "1,2";
			};
			name = Release;
		};
/* End XCBuildConfiguration section */

/* Begin XCConfigurationList section */
		22B4F0C12B5C2870006ABF52 /* Build configuration list for PBXProject "MVVM-TodoList" */ = {
			isa = XCConfigurationList;
			buildConfigurations = (
				22B4F0D22B5C2870006ABF52 /* Debug */,
				22B4F0D32B5C2870006ABF52 /* Release */,
			);
			defaultConfigurationIsVisible = 0;
			defaultConfigurationName = Release;
		};
		22B4F0D42B5C2870006ABF52 /* Build configuration list for PBXNativeTarget "MVVM-TodoList" */ = {
			isa = XCConfigurationList;
			buildConfigurations = (
				22B4F0D52B5C2870006ABF52 /* Debug */,
				22B4F0D62B5C2870006ABF52 /* Release */,
			);
			defaultConfigurationIsVisible = 0;
			defaultConfigurationName = Release;
		};
/* End XCConfigurationList section */
	};
	rootObject = 22B4F0BE2B5C2870006ABF52 /* Project object */;
}
